<?xml version="1.0" encoding="utf-8"?>
<Project ToolsVersion="4.0" xmlns="http://schemas.microsoft.com/developer/msbuild/2003">
  <ItemGroup>
    <Filter Include="Source Files">
      <UniqueIdentifier>{4FC737F1-C7A5-4376-A066-2A32D752A2FF}</UniqueIdentifier>
      <Extensions>cpp;c;cc;cxx;def;odl;idl;hpj;bat;asm;asmx</Extensions>
    </Filter>
    <Filter Include="Header Files">
      <UniqueIdentifier>{93995380-89BD-4b04-88EB-625FBE52EBFB}</UniqueIdentifier>
      <Extensions>h;hh;hpp;hxx;hm;inl;inc;xsd</Extensions>
    </Filter>
    <Filter Include="Resource Files">
      <UniqueIdentifier>{67DA6AB6-F800-4c08-8B7A-83BB121AAD01}</UniqueIdentifier>
      <Extensions>rc;ico;cur;bmp;dlg;rc2;rct;bin;rgs;gif;jpg;jpeg;jpe;resx;tiff;tif;png;wav;mfcribbon-ms</Extensions>
    </Filter>
    <Filter Include="SGDWrappers">
      <UniqueIdentifier>{b0147fbc-8747-41d0-a735-ddf7ee69bffd}</UniqueIdentifier>
    </Filter>
    <Filter Include="Entities">
      <UniqueIdentifier>{d50d6bad-81bf-4b16-b0c1-6210d8e43213}</UniqueIdentifier>
    </Filter>
    <Filter Include="Entities\Projectiles">
      <UniqueIdentifier>{aa2dbec9-f832-4b68-8b9b-bc7bb63ee7eb}</UniqueIdentifier>
    </Filter>
    <Filter Include="Entities\Ships">
      <UniqueIdentifier>{f42a318b-0ffa-490b-8a68-2e989ffe3319}</UniqueIdentifier>
    </Filter>
    <Filter Include="Entities\Ships\Enemies">
      <UniqueIdentifier>{6a3dcbc9-7f0d-4dda-bada-ddc2956120cf}</UniqueIdentifier>
    </Filter>
    <Filter Include="Entities\Modules">
      <UniqueIdentifier>{b9c38ea2-16f6-4709-b12c-9faa4043d425}</UniqueIdentifier>
    </Filter>
    <Filter Include="GameStates">
      <UniqueIdentifier>{8c699ff6-c0a0-49b3-ae7b-894a9b9afc8b}</UniqueIdentifier>
    </Filter>
    <Filter Include="GameStates\LevelStates">
      <UniqueIdentifier>{507fe161-e852-4ee7-8155-81441ae0b4f2}</UniqueIdentifier>
    </Filter>
    <Filter Include="Graphics">
      <UniqueIdentifier>{9dde2839-e315-4f3f-9513-f732bc62f3a6}</UniqueIdentifier>
    </Filter>
    <Filter Include="Graphics\Particles">
      <UniqueIdentifier>{fc7dd94a-1be2-438c-963d-56b64c7a73a7}</UniqueIdentifier>
    </Filter>
    <Filter Include="Event System">
      <UniqueIdentifier>{6dde2602-8ce5-49e0-ab10-585c61a1e7c2}</UniqueIdentifier>
    </Filter>
    <Filter Include="Message System">
      <UniqueIdentifier>{6c6c9506-5dbc-46b3-8318-b0efe3bc159b}</UniqueIdentifier>
    </Filter>
    <Filter Include="TinyXML">
      <UniqueIdentifier>{abaf2723-90e6-419e-97c3-7d1fa45172a0}</UniqueIdentifier>
    </Filter>
    <Filter Include="BitmapFont">
      <UniqueIdentifier>{6f5fe81d-484a-4efe-a589-ee46a07957c3}</UniqueIdentifier>
    </Filter>
    <Filter Include="Menu">
      <UniqueIdentifier>{66008d1c-0100-41d2-925a-78bd38c61614}</UniqueIdentifier>
    </Filter>
    <Filter Include="Entities\Collidables">
      <UniqueIdentifier>{9784b80c-c729-439b-ae49-0fa4a314cba2}</UniqueIdentifier>
    </Filter>
  </ItemGroup>
  <ItemGroup>
    <ClInclude Include="targetver.h">
      <Filter>Header Files</Filter>
    </ClInclude>
    <ClInclude Include="Resource.h">
      <Filter>Header Files</Filter>
    </ClInclude>
    <ClInclude Include="SGD Wrappers\SGD_AudioManager.h">
      <Filter>SGDWrappers</Filter>
    </ClInclude>
    <ClInclude Include="SGD Wrappers\SGD_Color.h">
      <Filter>SGDWrappers</Filter>
    </ClInclude>
    <ClInclude Include="SGD Wrappers\SGD_Declarations.h">
      <Filter>SGDWrappers</Filter>
    </ClInclude>
    <ClInclude Include="SGD Wrappers\SGD_Geometry.h">
      <Filter>SGDWrappers</Filter>
    </ClInclude>
    <ClInclude Include="SGD Wrappers\SGD_GraphicsManager.h">
      <Filter>SGDWrappers</Filter>
    </ClInclude>
    <ClInclude Include="SGD Wrappers\SGD_Handle.h">
      <Filter>SGDWrappers</Filter>
    </ClInclude>
    <ClInclude Include="SGD Wrappers\SGD_HandleManager.h">
      <Filter>SGDWrappers</Filter>
    </ClInclude>
    <ClInclude Include="SGD Wrappers\SGD_HandleManager.hpp">
      <Filter>SGDWrappers</Filter>
    </ClInclude>
    <ClInclude Include="SGD Wrappers\SGD_InputManager.h">
      <Filter>SGDWrappers</Filter>
    </ClInclude>
    <ClInclude Include="SGD Wrappers\SGD_Key.h">
      <Filter>SGDWrappers</Filter>
    </ClInclude>
    <ClInclude Include="SGD Wrappers\SGD_String.h">
      <Filter>SGDWrappers</Filter>
    </ClInclude>
    <ClInclude Include="Entities\Entity.h">
      <Filter>Entities</Filter>
    </ClInclude>
    <ClInclude Include="Entities\EntityManager.h">
      <Filter>Entities</Filter>
    </ClInclude>
    <ClInclude Include="Entities\IEntity.h">
      <Filter>Entities</Filter>
    </ClInclude>
    <ClInclude Include="Entities\Ships\Human.h">
      <Filter>Entities\Ships</Filter>
    </ClInclude>
    <ClInclude Include="Entities\Ships\Player.h">
      <Filter>Entities\Ships</Filter>
    </ClInclude>
    <ClInclude Include="Entities\Ships\Enemies\Cobra.h">
      <Filter>Entities\Ships\Enemies</Filter>
    </ClInclude>
    <ClInclude Include="Entities\Ships\Enemies\Copperhead.h">
      <Filter>Entities\Ships\Enemies</Filter>
    </ClInclude>
    <ClInclude Include="Entities\Ships\Enemies\Coral.h">
      <Filter>Entities\Ships\Enemies</Filter>
    </ClInclude>
    <ClInclude Include="Entities\Ships\Enemies\Enemy.h">
      <Filter>Entities\Ships\Enemies</Filter>
    </ClInclude>
    <ClInclude Include="Entities\Ships\Enemies\Mamba.h">
      <Filter>Entities\Ships\Enemies</Filter>
    </ClInclude>
    <ClInclude Include="Entities\Ships\Enemies\Moccasin.h">
      <Filter>Entities\Ships\Enemies</Filter>
    </ClInclude>
    <ClInclude Include="Entities\Projectiles\GravityProjectile.h">
      <Filter>Entities\Projectiles</Filter>
    </ClInclude>
    <ClInclude Include="Entities\Projectiles\Missile.h">
      <Filter>Entities\Projectiles</Filter>
    </ClInclude>
    <ClInclude Include="Entities\Projectiles\Projectile.h">
      <Filter>Entities\Projectiles</Filter>
    </ClInclude>
    <ClInclude Include="Entities\Projectiles\Push.h">
      <Filter>Entities\Projectiles</Filter>
    </ClInclude>
    <ClInclude Include="Entities\Projectiles\Well.h">
      <Filter>Entities\Projectiles</Filter>
    </ClInclude>
    <ClInclude Include="Entities\Ships\Enemies\EnemyLeader.h">
      <Filter>Entities\Ships\Enemies</Filter>
    </ClInclude>
    <ClInclude Include="Event System\CustomEvent.h">
      <Filter>Event System</Filter>
    </ClInclude>
    <ClInclude Include="Event System\EventManager.h">
      <Filter>Event System</Filter>
    </ClInclude>
    <ClInclude Include="Entities\Modules\Engine.h">
      <Filter>Entities\Modules</Filter>
    </ClInclude>
    <ClInclude Include="Entities\Modules\LaserModule.h">
      <Filter>Entities\Modules</Filter>
    </ClInclude>
    <ClInclude Include="Entities\Modules\MissileModule.h">
      <Filter>Entities\Modules</Filter>
    </ClInclude>
    <ClInclude Include="Entities\Modules\Module.h">
      <Filter>Entities\Modules</Filter>
    </ClInclude>
    <ClInclude Include="Entities\Modules\PushModule.h">
      <Filter>Entities\Modules</Filter>
    </ClInclude>
    <ClInclude Include="Entities\Modules\ShieldModule.h">
      <Filter>Entities\Modules</Filter>
    </ClInclude>
    <ClInclude Include="Entities\Modules\TurretModule.h">
      <Filter>Entities\Modules</Filter>
    </ClInclude>
    <ClInclude Include="Entities\Modules\WarpModule.h">
      <Filter>Entities\Modules</Filter>
    </ClInclude>
    <ClInclude Include="Entities\Modules\WellModule.h">
      <Filter>Entities\Modules</Filter>
    </ClInclude>
    <ClInclude Include="GameStates\CreditsState.h">
      <Filter>GameStates</Filter>
    </ClInclude>
    <ClInclude Include="GameStates\GameState.h">
      <Filter>GameStates</Filter>
    </ClInclude>
    <ClInclude Include="GameStates\IGameState.h">
      <Filter>GameStates</Filter>
    </ClInclude>
    <ClInclude Include="GameStates\MainMenuState.h">
      <Filter>GameStates</Filter>
    </ClInclude>
    <ClInclude Include="GameStates\OptionsState.h">
      <Filter>GameStates</Filter>
    </ClInclude>
    <ClInclude Include="GameStates\PauseState.h">
      <Filter>GameStates</Filter>
    </ClInclude>
    <ClInclude Include="GameStates\SaveSelectState.h">
      <Filter>GameStates</Filter>
    </ClInclude>
    <ClInclude Include="GameStates\UpgradeState.h">
      <Filter>GameStates</Filter>
    </ClInclude>
    <ClInclude Include="GameStates\LevelStates\FinalLevelState.h">
      <Filter>GameStates\LevelStates</Filter>
    </ClInclude>
    <ClInclude Include="GameStates\LevelStates\ILevelState.h">
      <Filter>GameStates\LevelStates</Filter>
    </ClInclude>
    <ClInclude Include="GameStates\LevelStates\MainLevelState.h">
      <Filter>GameStates\LevelStates</Filter>
    </ClInclude>
    <ClInclude Include="GameStates\LevelStates\TutorialState.h">
      <Filter>GameStates\LevelStates</Filter>
    </ClInclude>
    <ClInclude Include="Graphics\Particles\Emitter.h">
      <Filter>Graphics\Particles</Filter>
    </ClInclude>
    <ClInclude Include="Graphics\Particles\Flyweight.h">
      <Filter>Graphics\Particles</Filter>
    </ClInclude>
    <ClInclude Include="Graphics\Particles\Particle.h">
      <Filter>Graphics\Particles</Filter>
    </ClInclude>
    <ClInclude Include="Graphics\Particles\ParticleSystem.h">
      <Filter>Graphics\Particles</Filter>
    </ClInclude>
    <ClInclude Include="WinMain.h">
      <Filter>Header Files</Filter>
    </ClInclude>
    <ClInclude Include="GameStates\Game.h">
      <Filter>GameStates</Filter>
    </ClInclude>
    <ClInclude Include="TinyXML\tinystr.h">
      <Filter>TinyXML</Filter>
    </ClInclude>
    <ClInclude Include="TinyXML\tinyxml.h">
      <Filter>TinyXML</Filter>
    </ClInclude>
    <ClInclude Include="Entities\Leader.h">
      <Filter>Entities</Filter>
    </ClInclude>
    <ClInclude Include="BitmapFont\BitmapFont.h">
      <Filter>BitmapFont</Filter>
    </ClInclude>
    <ClInclude Include="Menu.h">
      <Filter>Menu</Filter>
    </ClInclude>
    <ClInclude Include="Message System\CreateEntityMessage.h">
      <Filter>Message System</Filter>
    </ClInclude>
    <ClInclude Include="Message System\DestroyEntityMessage.h">
      <Filter>Message System</Filter>
    </ClInclude>
    <ClInclude Include="Event System\EventID.h">
      <Filter>Event System</Filter>
    </ClInclude>
    <ClInclude Include="GameStates\GameplayState.h">
      <Filter>GameStates</Filter>
    </ClInclude>
    <ClInclude Include="Event System\IListener.h">
      <Filter>Event System</Filter>
    </ClInclude>
    <ClInclude Include="Message System\MessageID.h">
      <Filter>Message System</Filter>
    </ClInclude>
    <ClInclude Include="SGD Wrappers\SGD_Message.h">
      <Filter>SGDWrappers</Filter>
    </ClInclude>
    <ClInclude Include="SGD Wrappers\SGD_MessageManager.h">
      <Filter>SGDWrappers</Filter>
    </ClInclude>
    <ClInclude Include="Camera.h">
      <Filter>Header Files</Filter>
    </ClInclude>
    <ClInclude Include="Message System\CreateProjectile.h">
      <Filter>Message System</Filter>
    </ClInclude>
    <ClInclude Include="GameStates\LevelStates\GameOverState.h">
      <Filter>GameStates</Filter>
    </ClInclude>
    <ClInclude Include="Message System\CreateGameOverMessage.h">
      <Filter>Message System</Filter>
    </ClInclude>
    <ClInclude Include="Entities\Projectiles\Laser.h">
      <Filter>Entities\Projectiles</Filter>
    </ClInclude>
    <ClInclude Include="Message System\VictoryMessage.h">
      <Filter>Message System</Filter>
    </ClInclude>
    <ClInclude Include="Entities\Collidables\Stationary.h">
      <Filter>Entities\Collidables</Filter>
    </ClInclude>
    <ClInclude Include="Entities\Collidables\InvisibleTrigger.h">
      <Filter>Entities\Collidables</Filter>
    </ClInclude>
    <ClInclude Include="Entities\Collidables\Trigger.h">
      <Filter>Entities\Collidables</Filter>
    </ClInclude>
    <ClInclude Include="Entities\Ships\Ship.h">
      <Filter>Entities\Ships</Filter>
    </ClInclude>
    <ClInclude Include="Message System\BossKilledMessage.h">
      <Filter>Message System</Filter>
    </ClInclude>
    <ClInclude Include="SoundBox.h">
      <Filter>Header Files</Filter>
    </ClInclude>
    <ClInclude Include="Entities\Collidables\Planet.h">
      <Filter>Entities\Collidables</Filter>
    </ClInclude>
    <ClInclude Include="Entities\Collidables\Asteroid.h">
      <Filter>Entities\Collidables</Filter>
    </ClInclude>
    <ClInclude Include="Entities\Collidables\Barrier.h">
      <Filter>Entities\Collidables</Filter>
    </ClInclude>
    <ClInclude Include="Entities\Collidables\Shield.h">
      <Filter>Entities\Collidables</Filter>
    </ClInclude>
    <ClInclude Include="GameStates\PlaySelectState.h">
      <Filter>Header Files</Filter>
    </ClInclude>
  </ItemGroup>
  <ItemGroup>
    <ClCompile Include="SGD Wrappers\SGD_AudioManager.cpp">
      <Filter>SGDWrappers</Filter>
    </ClCompile>
    <ClCompile Include="SGD Wrappers\SGD_Geometry.cpp">
      <Filter>SGDWrappers</Filter>
    </ClCompile>
    <ClCompile Include="SGD Wrappers\SGD_GraphicsManager.cpp">
      <Filter>SGDWrappers</Filter>
    </ClCompile>
    <ClCompile Include="SGD Wrappers\SGD_InputManager.cpp">
      <Filter>SGDWrappers</Filter>
    </ClCompile>
    <ClCompile Include="Entities\Entity.cpp">
      <Filter>Entities</Filter>
    </ClCompile>
    <ClCompile Include="Entities\EntityManager.cpp">
      <Filter>Entities</Filter>
    </ClCompile>
    <ClCompile Include="Entities\IEntity.cpp">
      <Filter>Entities</Filter>
    </ClCompile>
    <ClCompile Include="Entities\Ships\Human.cpp">
      <Filter>Entities\Ships</Filter>
    </ClCompile>
    <ClCompile Include="Entities\Ships\Player.cpp">
      <Filter>Entities\Ships</Filter>
    </ClCompile>
    <ClCompile Include="Entities\Ships\Ship.cpp">
      <Filter>Entities\Ships</Filter>
    </ClCompile>
    <ClCompile Include="Entities\Ships\Enemies\Cobra.cpp">
      <Filter>Entities\Ships\Enemies</Filter>
    </ClCompile>
    <ClCompile Include="Entities\Ships\Enemies\Copperhead.cpp">
      <Filter>Entities\Ships\Enemies</Filter>
    </ClCompile>
    <ClCompile Include="Entities\Ships\Enemies\Coral.cpp">
      <Filter>Entities\Ships\Enemies</Filter>
    </ClCompile>
    <ClCompile Include="Entities\Ships\Enemies\Enemy.cpp">
      <Filter>Entities\Ships\Enemies</Filter>
    </ClCompile>
    <ClCompile Include="Entities\Ships\Enemies\Mamba.cpp">
      <Filter>Entities\Ships\Enemies</Filter>
    </ClCompile>
    <ClCompile Include="Entities\Ships\Enemies\Moccasin.cpp">
      <Filter>Entities\Ships\Enemies</Filter>
    </ClCompile>
    <ClCompile Include="Entities\Projectiles\GravityProjectile.cpp">
      <Filter>Entities\Projectiles</Filter>
    </ClCompile>
    <ClCompile Include="Entities\Projectiles\Missile.cpp">
      <Filter>Entities\Projectiles</Filter>
    </ClCompile>
    <ClCompile Include="Entities\Projectiles\Projectile.cpp">
      <Filter>Entities\Projectiles</Filter>
    </ClCompile>
    <ClCompile Include="Entities\Projectiles\Push.cpp">
      <Filter>Entities\Projectiles</Filter>
    </ClCompile>
    <ClCompile Include="Entities\Projectiles\Well.cpp">
      <Filter>Entities\Projectiles</Filter>
    </ClCompile>
    <ClCompile Include="Entities\Ships\Enemies\EnemyLeader.cpp">
      <Filter>Entities\Ships\Enemies</Filter>
    </ClCompile>
    <ClCompile Include="Event System\CustomEvent.cpp">
      <Filter>Event System</Filter>
    </ClCompile>
    <ClCompile Include="Event System\EventManager.cpp">
      <Filter>Event System</Filter>
    </ClCompile>
    <ClCompile Include="Entities\Modules\Engine.cpp">
      <Filter>Entities\Modules</Filter>
    </ClCompile>
    <ClCompile Include="Entities\Modules\LaserModule.cpp">
      <Filter>Entities\Modules</Filter>
    </ClCompile>
    <ClCompile Include="Entities\Modules\MissileModule.cpp">
      <Filter>Entities\Modules</Filter>
    </ClCompile>
    <ClCompile Include="Entities\Modules\Module.cpp">
      <Filter>Entities\Modules</Filter>
    </ClCompile>
    <ClCompile Include="Entities\Modules\PushModule.cpp">
      <Filter>Entities\Modules</Filter>
    </ClCompile>
    <ClCompile Include="Entities\Modules\ShieldModule.cpp">
      <Filter>Entities\Modules</Filter>
    </ClCompile>
    <ClCompile Include="Entities\Modules\TurretModule.cpp">
      <Filter>Entities\Modules</Filter>
    </ClCompile>
    <ClCompile Include="Entities\Modules\WellModule.cpp">
      <Filter>Entities\Modules</Filter>
    </ClCompile>
    <ClCompile Include="GameStates\CreditsState.cpp">
      <Filter>GameStates</Filter>
    </ClCompile>
    <ClCompile Include="GameStates\GameState.cpp">
      <Filter>GameStates</Filter>
    </ClCompile>
    <ClCompile Include="GameStates\IGameState.cpp">
      <Filter>GameStates</Filter>
    </ClCompile>
    <ClCompile Include="GameStates\MainMenuState.cpp">
      <Filter>GameStates</Filter>
    </ClCompile>
    <ClCompile Include="GameStates\OptionsState.cpp">
      <Filter>GameStates</Filter>
    </ClCompile>
    <ClCompile Include="GameStates\PauseState.cpp">
      <Filter>GameStates</Filter>
    </ClCompile>
    <ClCompile Include="GameStates\SaveSelectState.cpp">
      <Filter>GameStates</Filter>
    </ClCompile>
    <ClCompile Include="GameStates\UpgradeState.cpp">
      <Filter>GameStates</Filter>
    </ClCompile>
    <ClCompile Include="GameStates\LevelStates\FinalLevelState.cpp">
      <Filter>GameStates\LevelStates</Filter>
    </ClCompile>
    <ClCompile Include="GameStates\LevelStates\ILevelState.cpp">
      <Filter>GameStates\LevelStates</Filter>
    </ClCompile>
    <ClCompile Include="GameStates\LevelStates\MainLevelState.cpp">
      <Filter>GameStates\LevelStates</Filter>
    </ClCompile>
    <ClCompile Include="GameStates\LevelStates\TutorialState.cpp">
      <Filter>GameStates\LevelStates</Filter>
    </ClCompile>
    <ClCompile Include="Graphics\Particles\Emitter.cpp">
      <Filter>Graphics\Particles</Filter>
    </ClCompile>
    <ClCompile Include="Graphics\Particles\Flyweight.cpp">
      <Filter>Graphics\Particles</Filter>
    </ClCompile>
    <ClCompile Include="Graphics\Particles\Particle.cpp">
      <Filter>Graphics\Particles</Filter>
    </ClCompile>
    <ClCompile Include="Graphics\Particles\ParticleSystem.cpp">
      <Filter>Graphics\Particles</Filter>
    </ClCompile>
    <ClCompile Include="WinMain.cpp">
      <Filter>Source Files</Filter>
    </ClCompile>
    <ClCompile Include="GameStates\Game.cpp">
      <Filter>GameStates</Filter>
    </ClCompile>
    <ClCompile Include="TinyXML\tinystr.cpp">
      <Filter>TinyXML</Filter>
    </ClCompile>
    <ClCompile Include="TinyXML\tinyxml.cpp">
      <Filter>TinyXML</Filter>
    </ClCompile>
    <ClCompile Include="TinyXML\tinyxmlerror.cpp">
      <Filter>TinyXML</Filter>
    </ClCompile>
    <ClCompile Include="TinyXML\tinyxmlparser.cpp">
      <Filter>TinyXML</Filter>
    </ClCompile>
    <ClCompile Include="Entities\Leader.cpp">
      <Filter>Entities</Filter>
    </ClCompile>
    <ClCompile Include="BitmapFont\BitmapFont.cpp">
      <Filter>BitmapFont</Filter>
    </ClCompile>
    <ClCompile Include="Menu.cpp">
      <Filter>Menu</Filter>
    </ClCompile>
    <ClCompile Include="Message System\CreateEntityMessage.cpp">
      <Filter>Message System</Filter>
    </ClCompile>
    <ClCompile Include="Message System\DestroyEntityMessage.cpp">
      <Filter>Message System</Filter>
    </ClCompile>
    <ClCompile Include="GameStates\GameplayState.cpp">
      <Filter>GameStates</Filter>
    </ClCompile>
    <ClCompile Include="Entities\Projectiles\Laser.cpp">
      <Filter>Entities\Projectiles</Filter>
    </ClCompile>
    <ClCompile Include="SGD Wrappers\SGD_Message.cpp">
      <Filter>SGDWrappers</Filter>
    </ClCompile>
    <ClCompile Include="SGD Wrappers\SGD_MessageManager.cpp">
      <Filter>SGDWrappers</Filter>
    </ClCompile>
    <ClCompile Include="Camera.cpp">
      <Filter>Source Files</Filter>
    </ClCompile>
    <ClCompile Include="Message System\CreateProjectile.cpp">
      <Filter>Message System</Filter>
    </ClCompile>
    <ClCompile Include="GameStates\LevelStates\GameOverState.cpp">
      <Filter>GameStates</Filter>
    </ClCompile>
    <ClCompile Include="Message System\CreateGameOverMessage.cpp">
      <Filter>Message System</Filter>
    </ClCompile>
    <ClCompile Include="SoundBox.cpp">
      <Filter>Source Files</Filter>
    </ClCompile>
    <ClCompile Include="Entities\Collidables\Planet.cpp">
      <Filter>Entities\Collidables</Filter>
    </ClCompile>
    <ClCompile Include="Entities\Collidables\Asteroid.cpp">
      <Filter>Entities\Collidables</Filter>
    </ClCompile>
    <ClCompile Include="Entities\Collidables\Barrier.cpp">
      <Filter>Entities\Collidables</Filter>
    </ClCompile>
    <ClCompile Include="Entities\Collidables\Shield.cpp">
      <Filter>Entities\Collidables</Filter>
    </ClCompile>
    <ClCompile Include="GameStates\PlaySelectState.cpp">
      <Filter>Source Files</Filter>
    </ClCompile>
  </ItemGroup>
  <ItemGroup>
    <ResourceCompile Include="EvoArk.rc">
      <Filter>Resource Files</Filter>
    </ResourceCompile>
  </ItemGroup>
  <ItemGroup>
    <Image Include="small.ico">
      <Filter>Resource Files</Filter>
    </Image>
    <Image Include="EvoArk.ico">
      <Filter>Resource Files</Filter>
    </Image>
  </ItemGroup>
</Project>